
Microsoft Visual Studio Solution File, Format Version 12.00
# Visual Studio Version 17
VisualStudioVersion = 17.9.34728.123
MinimumVisualStudioVersion = 10.0.40219.1
Project("{9A19103F-16F7-4668-BE54-9A1E7A4F7556}") = "AllBindsForCheats", "AllBindsForCheats.csproj", "{408717EF-6A56-49B0-8264-1065FF954648}"
EndProject
Global
	GlobalSection(SolutionConfigurationPlatforms) = preSolution
		Debug|Any CPU = Debug|Any CPU
		Release|Any CPU = Release|Any CPU
	EndGlobalSection
	GlobalSection(ProjectConfigurationPlatforms) = postSolution
		{408717EF-6A56-49B0-8264-1065FF954648}.Debug|Any CPU.ActiveCfg = Debug|Any CPU
		{408717EF-6A56-49B0-8264-1065FF954648}.Debug|Any CPU.Build.0 = Debug|Any CPU
		{408717EF-6A56-49B0-8264-1065FF954648}.Release|Any CPU.ActiveCfg = Release|Any CPU
		{408717EF-6A56-49B0-8264-1065FF954648}.Release|Any CPU.Build.0 = Release|Any CPU
	EndGlobalSection
	GlobalSection(SolutionProperties) = preSolution
		HideSolutionNode = FALSE
	EndGlobalSection
	GlobalSection(ExtensibilityGlobals) = postSolution
		SolutionGuid = {674462F1-F2BC-4A26-B7F0-71F30A8ACFDA}
	EndGlobalSection
EndGlobal
